
Microsoft Visual Studio Solution File, Format Version 9.00
# Visual Studio 2005
Project("{F184B08F-C81C-45F6-A57F-5ABD9991F28F}") = "Monarch_Welded", "Monarch_Welded.vbproj", "{FF88D5CC-59BC-40A9-AC0C-13D48128CE7E}"
EndProject
Global
	GlobalSection(SolutionConfigurationPlatforms) = preSolution
		Debug|Any CPU = Debug|Any CPU
		Release|Any CPU = Release|Any CPU
	EndGlobalSection
	GlobalSection(ProjectConfigurationPlatforms) = postSolution
		{FF88D5CC-59BC-40A9-AC0C-13D48128CE7E}.Debug|Any CPU.ActiveCfg = Debug|Any CPU
		{FF88D5CC-59BC-40A9-AC0C-13D48128CE7E}.Debug|Any CPU.Build.0 = Debug|Any CPU
		{FF88D5CC-59BC-40A9-AC0C-13D48128CE7E}.Release|Any CPU.ActiveCfg = Release|Any CPU
		{FF88D5CC-59BC-40A9-AC0C-13D48128CE7E}.Release|Any CPU.Build.0 = Release|Any CPU
	EndGlobalSection
	GlobalSection(SolutionProperties) = preSolution
		HideSolutionNode = FALSE
	EndGlobalSection
EndGlobal
